# This file is generated by running "yarn install" inside your project.
# Manual changes might be lost - proceed with caution!

__metadata:
  version: 6
  cacheKey: 8

"adv-mg-api-js@file:../lib-module::locator=sample%40workspace%3A.":
  version: 0.0.0
  resolution: "adv-mg-api-js@file:../lib-module#../lib-module::hash=e771e2&locator=sample%40workspace%3A."
  checksum: 59978a7f9b6ec553eeb977d88e0799ff98cdfeb87d1a79e968b4b0a9248dc207e222119fc6dd34f16f76e7e564f6161d4a156f4cd74af734bac3162ea839cef6
  languageName: node
  linkType: hard

"sample@workspace:.":
  version: 0.0.0-use.local
  resolution: "sample@workspace:."
  dependencies:
    adv-mg-api-js: "file:../lib-module"
  languageName: unknown
  linkType: soft
